
Microsoft Visual Studio Solution File, Format Version 12.00
# Visual Studio Version 16
VisualStudioVersion = 16.0.29009.5
MinimumVisualStudioVersion = 10.0.40219.1
Project("{FAE04EC0-301F-11D3-BF4B-00C04F79EFBC}") = "Rhaegal", "Rhaegal.csproj", "{BBADDF86-E52C-4AA0-B3AF-D91F07D8C4F9}"
EndProject
Global
	GlobalSection(SolutionConfigurationPlatforms) = preSolution
		Debug|Any CPU = Debug|Any CPU
		Release|Any CPU = Release|Any CPU
	EndGlobalSection
	GlobalSection(ProjectConfigurationPlatforms) = postSolution
		{BBADDF86-E52C-4AA0-B3AF-D91F07D8C4F9}.Debug|Any CPU.ActiveCfg = Debug|Any CPU
		{BBADDF86-E52C-4AA0-B3AF-D91F07D8C4F9}.Debug|Any CPU.Build.0 = Debug|Any CPU
		{BBADDF86-E52C-4AA0-B3AF-D91F07D8C4F9}.Release|Any CPU.ActiveCfg = Release|Any CPU
		{BBADDF86-E52C-4AA0-B3AF-D91F07D8C4F9}.Release|Any CPU.Build.0 = Release|Any CPU
	EndGlobalSection
	GlobalSection(SolutionProperties) = preSolution
		HideSolutionNode = FALSE
	EndGlobalSection
	GlobalSection(ExtensibilityGlobals) = postSolution
		SolutionGuid = {E922BC07-7064-41CA-A04C-B6EEDD9BB864}
	EndGlobalSection
EndGlobal
